
Microsoft Visual Studio Solution File, Format Version 12.00
# Visual Studio Version 16
VisualStudioVersion = 16.0.30114.105
MinimumVisualStudioVersion = 10.0.40219.1
Project("{9A19103F-16F7-4668-BE54-9A1E7A4F7556}") = "lowerNet5", "lowerNet5\lowerNet5.csproj", "{C0AFBE5F-0369-4BC3-A93E-0AF69435EDF2}"
EndProject
Project("{9A19103F-16F7-4668-BE54-9A1E7A4F7556}") = "lowerNetstandard21", "lowerNetstandard21\lowerNetstandard21.csproj", "{93F776E9-73E1-4087-B822-4AD1C3B48589}"
EndProject
Project("{9A19103F-16F7-4668-BE54-9A1E7A4F7556}") = "lowerNetstandard20", "lowerNetstandard20\lowerNetstandard20.csproj", "{A433730F-8D06-44A7-A157-AEDD44DD157B}"
EndProject
Project("{9A19103F-16F7-4668-BE54-9A1E7A4F7556}") = "lowerNetcoreapp21", "lowerNetcoreapp21\lowerNetcoreapp21.csproj", "{3BED16CD-DD86-49FA-88A5-E5F3609931B8}"
EndProject
Project("{9A19103F-16F7-4668-BE54-9A1E7A4F7556}") = "lowerNetcoreapp31", "lowerNetcoreapp31\lowerNetcoreapp31.csproj", "{F31043B7-D976-4B82-9AC4-644933080A0D}"
EndProject
Project("{FAE04EC0-301F-11D3-BF4B-00C04F79EFBC}") = "lowerNet48", "lowerNet48\lowerNet48.csproj", "{E6C18FA9-4DBC-4520-8E10-5190B608D71A}"
EndProject
Project("{FAE04EC0-301F-11D3-BF4B-00C04F79EFBC}") = "lowerNet4", "lowerNet4\lowerNet4.csproj", "{A319447A-D616-49EB-B17D-5619A1D41938}"
EndProject
Project("{FAE04EC0-301F-11D3-BF4B-00C04F79EFBC}") = "lowerNet45", "lowerNet45\lowerNet45.csproj", "{80627E66-D4D3-4C54-99A2-1205C97C442A}"
EndProject
Project("{FAE04EC0-301F-11D3-BF4B-00C04F79EFBC}") = "lowerNet461", "lowerNet461\lowerNet461.csproj", "{4F45D7BB-E7EF-4367-BF19-42986D58ACBA}"
EndProject
Global
	GlobalSection(SolutionConfigurationPlatforms) = preSolution
		Debug|Any CPU = Debug|Any CPU
		Debug|x64 = Debug|x64
		Debug|x86 = Debug|x86
		Release|Any CPU = Release|Any CPU
		Release|x64 = Release|x64
		Release|x86 = Release|x86
	EndGlobalSection
	GlobalSection(ProjectConfigurationPlatforms) = postSolution
		{C0AFBE5F-0369-4BC3-A93E-0AF69435EDF2}.Debug|Any CPU.ActiveCfg = Debug|Any CPU
		{C0AFBE5F-0369-4BC3-A93E-0AF69435EDF2}.Debug|Any CPU.Build.0 = Debug|Any CPU
		{C0AFBE5F-0369-4BC3-A93E-0AF69435EDF2}.Debug|x64.ActiveCfg = Debug|Any CPU
		{C0AFBE5F-0369-4BC3-A93E-0AF69435EDF2}.Debug|x64.Build.0 = Debug|Any CPU
		{C0AFBE5F-0369-4BC3-A93E-0AF69435EDF2}.Debug|x86.ActiveCfg = Debug|Any CPU
		{C0AFBE5F-0369-4BC3-A93E-0AF69435EDF2}.Debug|x86.Build.0 = Debug|Any CPU
		{C0AFBE5F-0369-4BC3-A93E-0AF69435EDF2}.Release|Any CPU.ActiveCfg = Release|Any CPU
		{C0AFBE5F-0369-4BC3-A93E-0AF69435EDF2}.Release|Any CPU.Build.0 = Release|Any CPU
		{C0AFBE5F-0369-4BC3-A93E-0AF69435EDF2}.Release|x64.ActiveCfg = Release|Any CPU
		{C0AFBE5F-0369-4BC3-A93E-0AF69435EDF2}.Release|x64.Build.0 = Release|Any CPU
		{C0AFBE5F-0369-4BC3-A93E-0AF69435EDF2}.Release|x86.ActiveCfg = Release|Any CPU
		{C0AFBE5F-0369-4BC3-A93E-0AF69435EDF2}.Release|x86.Build.0 = Release|Any CPU
		{93F776E9-73E1-4087-B822-4AD1C3B48589}.Debug|Any CPU.ActiveCfg = Debug|Any CPU
		{93F776E9-73E1-4087-B822-4AD1C3B48589}.Debug|Any CPU.Build.0 = Debug|Any CPU
		{93F776E9-73E1-4087-B822-4AD1C3B48589}.Debug|x64.ActiveCfg = Debug|Any CPU
		{93F776E9-73E1-4087-B822-4AD1C3B48589}.Debug|x64.Build.0 = Debug|Any CPU
		{93F776E9-73E1-4087-B822-4AD1C3B48589}.Debug|x86.ActiveCfg = Debug|Any CPU
		{93F776E9-73E1-4087-B822-4AD1C3B48589}.Debug|x86.Build.0 = Debug|Any CPU
		{93F776E9-73E1-4087-B822-4AD1C3B48589}.Release|Any CPU.ActiveCfg = Release|Any CPU
		{93F776E9-73E1-4087-B822-4AD1C3B48589}.Release|Any CPU.Build.0 = Release|Any CPU
		{93F776E9-73E1-4087-B822-4AD1C3B48589}.Release|x64.ActiveCfg = Release|Any CPU
		{93F776E9-73E1-4087-B822-4AD1C3B48589}.Release|x64.Build.0 = Release|Any CPU
		{93F776E9-73E1-4087-B822-4AD1C3B48589}.Release|x86.ActiveCfg = Release|Any CPU
		{93F776E9-73E1-4087-B822-4AD1C3B48589}.Release|x86.Build.0 = Release|Any CPU
		{A433730F-8D06-44A7-A157-AEDD44DD157B}.Debug|Any CPU.ActiveCfg = Debug|Any CPU
		{A433730F-8D06-44A7-A157-AEDD44DD157B}.Debug|Any CPU.Build.0 = Debug|Any CPU
		{A433730F-8D06-44A7-A157-AEDD44DD157B}.Debug|x64.ActiveCfg = Debug|Any CPU
		{A433730F-8D06-44A7-A157-AEDD44DD157B}.Debug|x64.Build.0 = Debug|Any CPU
		{A433730F-8D06-44A7-A157-AEDD44DD157B}.Debug|x86.ActiveCfg = Debug|Any CPU
		{A433730F-8D06-44A7-A157-AEDD44DD157B}.Debug|x86.Build.0 = Debug|Any CPU
		{A433730F-8D06-44A7-A157-AEDD44DD157B}.Release|Any CPU.ActiveCfg = Release|Any CPU
		{A433730F-8D06-44A7-A157-AEDD44DD157B}.Release|Any CPU.Build.0 = Release|Any CPU
		{A433730F-8D06-44A7-A157-AEDD44DD157B}.Release|x64.ActiveCfg = Release|Any CPU
		{A433730F-8D06-44A7-A157-AEDD44DD157B}.Release|x64.Build.0 = Release|Any CPU
		{A433730F-8D06-44A7-A157-AEDD44DD157B}.Release|x86.ActiveCfg = Release|Any CPU
		{A433730F-8D06-44A7-A157-AEDD44DD157B}.Release|x86.Build.0 = Release|Any CPU
		{3BED16CD-DD86-49FA-88A5-E5F3609931B8}.Debug|Any CPU.ActiveCfg = Debug|Any CPU
		{3BED16CD-DD86-49FA-88A5-E5F3609931B8}.Debug|Any CPU.Build.0 = Debug|Any CPU
		{3BED16CD-DD86-49FA-88A5-E5F3609931B8}.Debug|x64.ActiveCfg = Debug|Any CPU
		{3BED16CD-DD86-49FA-88A5-E5F3609931B8}.Debug|x64.Build.0 = Debug|Any CPU
		{3BED16CD-DD86-49FA-88A5-E5F3609931B8}.Debug|x86.ActiveCfg = Debug|Any CPU
		{3BED16CD-DD86-49FA-88A5-E5F3609931B8}.Debug|x86.Build.0 = Debug|Any CPU
		{3BED16CD-DD86-49FA-88A5-E5F3609931B8}.Release|Any CPU.ActiveCfg = Release|Any CPU
		{3BED16CD-DD86-49FA-88A5-E5F3609931B8}.Release|Any CPU.Build.0 = Release|Any CPU
		{3BED16CD-DD86-49FA-88A5-E5F3609931B8}.Release|x64.ActiveCfg = Release|Any CPU
		{3BED16CD-DD86-49FA-88A5-E5F3609931B8}.Release|x64.Build.0 = Release|Any CPU
		{3BED16CD-DD86-49FA-88A5-E5F3609931B8}.Release|x86.ActiveCfg = Release|Any CPU
		{3BED16CD-DD86-49FA-88A5-E5F3609931B8}.Release|x86.Build.0 = Release|Any CPU
		{F31043B7-D976-4B82-9AC4-644933080A0D}.Debug|Any CPU.ActiveCfg = Debug|Any CPU
		{F31043B7-D976-4B82-9AC4-644933080A0D}.Debug|Any CPU.Build.0 = Debug|Any CPU
		{F31043B7-D976-4B82-9AC4-644933080A0D}.Debug|x64.ActiveCfg = Debug|Any CPU
		{F31043B7-D976-4B82-9AC4-644933080A0D}.Debug|x64.Build.0 = Debug|Any CPU
		{F31043B7-D976-4B82-9AC4-644933080A0D}.Debug|x86.ActiveCfg = Debug|Any CPU
		{F31043B7-D976-4B82-9AC4-644933080A0D}.Debug|x86.Build.0 = Debug|Any CPU
		{F31043B7-D976-4B82-9AC4-644933080A0D}.Release|Any CPU.ActiveCfg = Release|Any CPU
		{F31043B7-D976-4B82-9AC4-644933080A0D}.Release|Any CPU.Build.0 = Release|Any CPU
		{F31043B7-D976-4B82-9AC4-644933080A0D}.Release|x64.ActiveCfg = Release|Any CPU
		{F31043B7-D976-4B82-9AC4-644933080A0D}.Release|x64.Build.0 = Release|Any CPU
		{F31043B7-D976-4B82-9AC4-644933080A0D}.Release|x86.ActiveCfg = Release|Any CPU
		{F31043B7-D976-4B82-9AC4-644933080A0D}.Release|x86.Build.0 = Release|Any CPU
		{E6C18FA9-4DBC-4520-8E10-5190B608D71A}.Debug|Any CPU.ActiveCfg = Debug|Any CPU
		{E6C18FA9-4DBC-4520-8E10-5190B608D71A}.Debug|Any CPU.Build.0 = Debug|Any CPU
		{E6C18FA9-4DBC-4520-8E10-5190B608D71A}.Debug|x64.ActiveCfg = Debug|Any CPU
		{E6C18FA9-4DBC-4520-8E10-5190B608D71A}.Debug|x64.Build.0 = Debug|Any CPU
		{E6C18FA9-4DBC-4520-8E10-5190B608D71A}.Debug|x86.ActiveCfg = Debug|Any CPU
		{E6C18FA9-4DBC-4520-8E10-5190B608D71A}.Debug|x86.Build.0 = Debug|Any CPU
		{E6C18FA9-4DBC-4520-8E10-5190B608D71A}.Release|Any CPU.ActiveCfg = Release|Any CPU
		{E6C18FA9-4DBC-4520-8E10-5190B608D71A}.Release|Any CPU.Build.0 = Release|Any CPU
		{E6C18FA9-4DBC-4520-8E10-5190B608D71A}.Release|x64.ActiveCfg = Release|Any CPU
		{E6C18FA9-4DBC-4520-8E10-5190B608D71A}.Release|x64.Build.0 = Release|Any CPU
		{E6C18FA9-4DBC-4520-8E10-5190B608D71A}.Release|x86.ActiveCfg = Release|Any CPU
		{E6C18FA9-4DBC-4520-8E10-5190B608D71A}.Release|x86.Build.0 = Release|Any CPU
		{A319447A-D616-49EB-B17D-5619A1D41938}.Debug|Any CPU.ActiveCfg = Debug|Any CPU
		{A319447A-D616-49EB-B17D-5619A1D41938}.Debug|Any CPU.Build.0 = Debug|Any CPU
		{A319447A-D616-49EB-B17D-5619A1D41938}.Debug|x64.ActiveCfg = Debug|Any CPU
		{A319447A-D616-49EB-B17D-5619A1D41938}.Debug|x64.Build.0 = Debug|Any CPU
		{A319447A-D616-49EB-B17D-5619A1D41938}.Debug|x86.ActiveCfg = Debug|Any CPU
		{A319447A-D616-49EB-B17D-5619A1D41938}.Debug|x86.Build.0 = Debug|Any CPU
		{A319447A-D616-49EB-B17D-5619A1D41938}.Release|Any CPU.ActiveCfg = Release|Any CPU
		{A319447A-D616-49EB-B17D-5619A1D41938}.Release|Any CPU.Build.0 = Release|Any CPU
		{A319447A-D616-49EB-B17D-5619A1D41938}.Release|x64.ActiveCfg = Release|Any CPU
		{A319447A-D616-49EB-B17D-5619A1D41938}.Release|x64.Build.0 = Release|Any CPU
		{A319447A-D616-49EB-B17D-5619A1D41938}.Release|x86.ActiveCfg = Release|Any CPU
		{A319447A-D616-49EB-B17D-5619A1D41938}.Release|x86.Build.0 = Release|Any CPU
		{80627E66-D4D3-4C54-99A2-1205C97C442A}.Debug|Any CPU.ActiveCfg = Debug|Any CPU
		{80627E66-D4D3-4C54-99A2-1205C97C442A}.Debug|Any CPU.Build.0 = Debug|Any CPU
		{80627E66-D4D3-4C54-99A2-1205C97C442A}.Debug|x64.ActiveCfg = Debug|Any CPU
		{80627E66-D4D3-4C54-99A2-1205C97C442A}.Debug|x64.Build.0 = Debug|Any CPU
		{80627E66-D4D3-4C54-99A2-1205C97C442A}.Debug|x86.ActiveCfg = Debug|Any CPU
		{80627E66-D4D3-4C54-99A2-1205C97C442A}.Debug|x86.Build.0 = Debug|Any CPU
		{80627E66-D4D3-4C54-99A2-1205C97C442A}.Release|Any CPU.ActiveCfg = Release|Any CPU
		{80627E66-D4D3-4C54-99A2-1205C97C442A}.Release|Any CPU.Build.0 = Release|Any CPU
		{80627E66-D4D3-4C54-99A2-1205C97C442A}.Release|x64.ActiveCfg = Release|Any CPU
		{80627E66-D4D3-4C54-99A2-1205C97C442A}.Release|x64.Build.0 = Release|Any CPU
		{80627E66-D4D3-4C54-99A2-1205C97C442A}.Release|x86.ActiveCfg = Release|Any CPU
		{80627E66-D4D3-4C54-99A2-1205C97C442A}.Release|x86.Build.0 = Release|Any CPU
		{4F45D7BB-E7EF-4367-BF19-42986D58ACBA}.Debug|Any CPU.ActiveCfg = Debug|Any CPU
		{4F45D7BB-E7EF-4367-BF19-42986D58ACBA}.Debug|Any CPU.Build.0 = Debug|Any CPU
		{4F45D7BB-E7EF-4367-BF19-42986D58ACBA}.Debug|x64.ActiveCfg = Debug|Any CPU
		{4F45D7BB-E7EF-4367-BF19-42986D58ACBA}.Debug|x64.Build.0 = Debug|Any CPU
		{4F45D7BB-E7EF-4367-BF19-42986D58ACBA}.Debug|x86.ActiveCfg = Debug|Any CPU
		{4F45D7BB-E7EF-4367-BF19-42986D58ACBA}.Debug|x86.Build.0 = Debug|Any CPU
		{4F45D7BB-E7EF-4367-BF19-42986D58ACBA}.Release|Any CPU.ActiveCfg = Release|Any CPU
		{4F45D7BB-E7EF-4367-BF19-42986D58ACBA}.Release|Any CPU.Build.0 = Release|Any CPU
		{4F45D7BB-E7EF-4367-BF19-42986D58ACBA}.Release|x64.ActiveCfg = Release|Any CPU
		{4F45D7BB-E7EF-4367-BF19-42986D58ACBA}.Release|x64.Build.0 = Release|Any CPU
		{4F45D7BB-E7EF-4367-BF19-42986D58ACBA}.Release|x86.ActiveCfg = Release|Any CPU
		{4F45D7BB-E7EF-4367-BF19-42986D58ACBA}.Release|x86.Build.0 = Release|Any CPU
	EndGlobalSection
	GlobalSection(SolutionProperties) = preSolution
		HideSolutionNode = FALSE
	EndGlobalSection
	GlobalSection(ExtensibilityGlobals) = postSolution
		SolutionGuid = {0A82BB0B-38AC-4F21-AEE3-EF7B36223B70}
	EndGlobalSection
EndGlobal
